
Microsoft Visual Studio Solution File, Format Version 12.00
# Visual Studio Version 17
VisualStudioVersion = 17.11.35312.102
MinimumVisualStudioVersion = 10.0.40219.1
Project("{54A90642-561A-4BB1-A94E-469ADEE60C69}") = "coffeeshop", "CoffeeShop\coffeeshop.esproj", "{9B00A38C-D241-4A9D-A52D-5879E7B90BDD}"
EndProject
Global
	GlobalSection(SolutionConfigurationPlatforms) = preSolution
		Debug|Any CPU = Debug|Any CPU
		Release|Any CPU = Release|Any CPU
	EndGlobalSection
	GlobalSection(ProjectConfigurationPlatforms) = postSolution
		{9B00A38C-D241-4A9D-A52D-5879E7B90BDD}.Debug|Any CPU.ActiveCfg = Debug|Any CPU
		{9B00A38C-D241-4A9D-A52D-5879E7B90BDD}.Debug|Any CPU.Build.0 = Debug|Any CPU
		{9B00A38C-D241-4A9D-A52D-5879E7B90BDD}.Debug|Any CPU.Deploy.0 = Debug|Any CPU
		{9B00A38C-D241-4A9D-A52D-5879E7B90BDD}.Release|Any CPU.ActiveCfg = Release|Any CPU
		{9B00A38C-D241-4A9D-A52D-5879E7B90BDD}.Release|Any CPU.Build.0 = Release|Any CPU
		{9B00A38C-D241-4A9D-A52D-5879E7B90BDD}.Release|Any CPU.Deploy.0 = Release|Any CPU
	EndGlobalSection
	GlobalSection(SolutionProperties) = preSolution
		HideSolutionNode = FALSE
	EndGlobalSection
	GlobalSection(ExtensibilityGlobals) = postSolution
		SolutionGuid = {2FCDDE43-D437-4D10-AD07-54EF1890D72D}
	EndGlobalSection
EndGlobal
